
Microsoft Visual Studio Solution File, Format Version 12.00
# Visual Studio Version 17
VisualStudioVersion = 17.14.36408.4
MinimumVisualStudioVersion = 10.0.40219.1
Project("{2150E333-8FDC-42A3-9474-1A3956D46DE8}") = "PresentationLayer", "PresentationLayer", "{02EA681E-C7D8-13C7-8484-4AC65E1B71E8}"
EndProject
Project("{2150E333-8FDC-42A3-9474-1A3956D46DE8}") = "ApplicationCoreLayer", "ApplicationCoreLayer", "{54D7216A-D44F-4E00-8DFB-E61D75E8CC84}"
EndProject
Project("{2150E333-8FDC-42A3-9474-1A3956D46DE8}") = "InfrastructureLayer", "InfrastructureLayer", "{2D289E15-1D01-4D2E-8713-3B5D035CD3DE}"
EndProject
Project("{FAE04EC0-301F-11D3-BF4B-00C04F79EFBC}") = "ECommerce.Shared", "ECommerce.Shared\ECommerce.Shared.csproj", "{AC171E5D-DA1D-E380-A9EB-79FBBAC259F9}"
EndProject
Project("{FAE04EC0-301F-11D3-BF4B-00C04F79EFBC}") = "ECommerce.Domain", "ApplicationCoreLayer\ECommerce.Domain\ECommerce.Domain.csproj", "{48467442-9810-D687-0409-2F8118898FB4}"
EndProject
Project("{FAE04EC0-301F-11D3-BF4B-00C04F79EFBC}") = "ECommerce.ServicesAbstraction", "ApplicationCoreLayer\ECommerce.ServicesAbstraction\ECommerce.ServicesAbstraction.csproj", "{5769B7D6-2A10-A414-A49A-8C2202719375}"
EndProject
Project("{FAE04EC0-301F-11D3-BF4B-00C04F79EFBC}") = "ECommerce.Services", "ApplicationCoreLayer\ECommerce.Services\ECommerce.Services.csproj", "{14616497-DB8E-3B9B-4044-3B31B0665BBF}"
EndProject
Project("{FAE04EC0-301F-11D3-BF4B-00C04F79EFBC}") = "ECommerce.Persistence", "InfrastructureLayer\ECommerce.Persistence\ECommerce.Persistence.csproj", "{57060E89-3C5D-55B4-201E-5614E5BA0094}"
EndProject
Project("{FAE04EC0-301F-11D3-BF4B-00C04F79EFBC}") = "ECommerce.Presentation", "PresentationLayer\ECommerce.Presentation\ECommerce.Presentation.csproj", "{42595017-8273-1168-694B-A16E503F3D10}"
EndProject
Project("{FAE04EC0-301F-11D3-BF4B-00C04F79EFBC}") = "E-Commerce.Web", "PresentationLayer\E-Commerce.Web\E-Commerce.Web.csproj", "{976C394C-2D7B-107D-0E8F-4C5AA6A2492E}"
EndProject
Global
	GlobalSection(SolutionConfigurationPlatforms) = preSolution
		Debug|Any CPU = Debug|Any CPU
		Release|Any CPU = Release|Any CPU
	EndGlobalSection
	GlobalSection(ProjectConfigurationPlatforms) = postSolution
		{AC171E5D-DA1D-E380-A9EB-79FBBAC259F9}.Debug|Any CPU.ActiveCfg = Debug|Any CPU
		{AC171E5D-DA1D-E380-A9EB-79FBBAC259F9}.Debug|Any CPU.Build.0 = Debug|Any CPU
		{AC171E5D-DA1D-E380-A9EB-79FBBAC259F9}.Release|Any CPU.ActiveCfg = Release|Any CPU
		{AC171E5D-DA1D-E380-A9EB-79FBBAC259F9}.Release|Any CPU.Build.0 = Release|Any CPU
		{48467442-9810-D687-0409-2F8118898FB4}.Debug|Any CPU.ActiveCfg = Debug|Any CPU
		{48467442-9810-D687-0409-2F8118898FB4}.Debug|Any CPU.Build.0 = Debug|Any CPU
		{48467442-9810-D687-0409-2F8118898FB4}.Release|Any CPU.ActiveCfg = Release|Any CPU
		{48467442-9810-D687-0409-2F8118898FB4}.Release|Any CPU.Build.0 = Release|Any CPU
		{5769B7D6-2A10-A414-A49A-8C2202719375}.Debug|Any CPU.ActiveCfg = Debug|Any CPU
		{5769B7D6-2A10-A414-A49A-8C2202719375}.Debug|Any CPU.Build.0 = Debug|Any CPU
		{5769B7D6-2A10-A414-A49A-8C2202719375}.Release|Any CPU.ActiveCfg = Release|Any CPU
		{5769B7D6-2A10-A414-A49A-8C2202719375}.Release|Any CPU.Build.0 = Release|Any CPU
		{14616497-DB8E-3B9B-4044-3B31B0665BBF}.Debug|Any CPU.ActiveCfg = Debug|Any CPU
		{14616497-DB8E-3B9B-4044-3B31B0665BBF}.Debug|Any CPU.Build.0 = Debug|Any CPU
		{14616497-DB8E-3B9B-4044-3B31B0665BBF}.Release|Any CPU.ActiveCfg = Release|Any CPU
		{14616497-DB8E-3B9B-4044-3B31B0665BBF}.Release|Any CPU.Build.0 = Release|Any CPU
		{57060E89-3C5D-55B4-201E-5614E5BA0094}.Debug|Any CPU.ActiveCfg = Debug|Any CPU
		{57060E89-3C5D-55B4-201E-5614E5BA0094}.Debug|Any CPU.Build.0 = Debug|Any CPU
		{57060E89-3C5D-55B4-201E-5614E5BA0094}.Release|Any CPU.ActiveCfg = Release|Any CPU
		{57060E89-3C5D-55B4-201E-5614E5BA0094}.Release|Any CPU.Build.0 = Release|Any CPU
		{42595017-8273-1168-694B-A16E503F3D10}.Debug|Any CPU.ActiveCfg = Debug|Any CPU
		{42595017-8273-1168-694B-A16E503F3D10}.Debug|Any CPU.Build.0 = Debug|Any CPU
		{42595017-8273-1168-694B-A16E503F3D10}.Release|Any CPU.ActiveCfg = Release|Any CPU
		{42595017-8273-1168-694B-A16E503F3D10}.Release|Any CPU.Build.0 = Release|Any CPU
		{976C394C-2D7B-107D-0E8F-4C5AA6A2492E}.Debug|Any CPU.ActiveCfg = Debug|Any CPU
		{976C394C-2D7B-107D-0E8F-4C5AA6A2492E}.Debug|Any CPU.Build.0 = Debug|Any CPU
		{976C394C-2D7B-107D-0E8F-4C5AA6A2492E}.Release|Any CPU.ActiveCfg = Release|Any CPU
		{976C394C-2D7B-107D-0E8F-4C5AA6A2492E}.Release|Any CPU.Build.0 = Release|Any CPU
	EndGlobalSection
	GlobalSection(SolutionProperties) = preSolution
		HideSolutionNode = FALSE
	EndGlobalSection
	GlobalSection(NestedProjects) = preSolution
		{48467442-9810-D687-0409-2F8118898FB4} = {54D7216A-D44F-4E00-8DFB-E61D75E8CC84}
		{5769B7D6-2A10-A414-A49A-8C2202719375} = {54D7216A-D44F-4E00-8DFB-E61D75E8CC84}
		{14616497-DB8E-3B9B-4044-3B31B0665BBF} = {54D7216A-D44F-4E00-8DFB-E61D75E8CC84}
		{57060E89-3C5D-55B4-201E-5614E5BA0094} = {2D289E15-1D01-4D2E-8713-3B5D035CD3DE}
		{42595017-8273-1168-694B-A16E503F3D10} = {02EA681E-C7D8-13C7-8484-4AC65E1B71E8}
		{976C394C-2D7B-107D-0E8F-4C5AA6A2492E} = {02EA681E-C7D8-13C7-8484-4AC65E1B71E8}
	EndGlobalSection
	GlobalSection(ExtensibilityGlobals) = postSolution
		SolutionGuid = {BE7396B1-B976-4761-8D30-2CC427F622F4}
	EndGlobalSection
EndGlobal
