
Microsoft Visual Studio Solution File, Format Version 12.00
# Visual Studio Version 17
VisualStudioVersion = 17.14.36408.4
MinimumVisualStudioVersion = 10.0.40219.1
Project("{2150E333-8FDC-42A3-9474-1A3956D46DE8}") = "PresentationLayer", "PresentationLayer", "{02EA681E-C7D8-13C7-8484-4AC65E1B71E8}"
EndProject
Project("{2150E333-8FDC-42A3-9474-1A3956D46DE8}") = "ApplicationCoreLayer", "ApplicationCoreLayer", "{54D7216A-D44F-4E00-8DFB-E61D75E8CC84}"
EndProject
Project("{2150E333-8FDC-42A3-9474-1A3956D46DE8}") = "InfrastructureLayer", "InfrastructureLayer", "{2D289E15-1D01-4D2E-8713-3B5D035CD3DE}"
EndProject
Project("{FAE04EC0-301F-11D3-BF4B-00C04F79EFBC}") = "ECommerce.Shared", "E Commerce.Shared\ECommerce.Shared.csproj", "{DFDE8F16-7883-CFCF-DA4A-8602978BA5E3}"
EndProject
Project("{FAE04EC0-301F-11D3-BF4B-00C04F79EFBC}") = "ECommerce.Domain", "ApplicationCoreLayer\E Commerce.Domain\ECommerce.Domain.csproj", "{DBFCCD32-D169-4FC7-DC1D-96C9D505BDAD}"
EndProject
Project("{FAE04EC0-301F-11D3-BF4B-00C04F79EFBC}") = "ECommerce.Services", "ApplicationCoreLayer\E Commerce.Services\ECommerce.Services.csproj", "{A150A25D-AEDC-94B8-2ACD-34F6909EBE00}"
EndProject
Project("{FAE04EC0-301F-11D3-BF4B-00C04F79EFBC}") = "ECommerce.ServicesAbstraction", "ApplicationCoreLayer\E Commerce.Services Abstraction\ECommerce.ServicesAbstraction.csproj", "{CA6DA386-14FB-C7F0-72C0-CA86E2063F5F}"
EndProject
Project("{FAE04EC0-301F-11D3-BF4B-00C04F79EFBC}") = "ECommerce.Persistence", "InfrastructureLayer\E Commerce.Persistence\ECommerce.Persistence.csproj", "{D9CBEBC4-0B19-82DF-186D-288DD4A2C7F5}"
EndProject
Project("{FAE04EC0-301F-11D3-BF4B-00C04F79EFBC}") = "ECommerce.Presentation", "PresentationLayer\E Commerce.Presentation\ECommerce.Presentation.csproj", "{22A67877-B393-E4F6-D1E5-35BEB58B13D5}"
EndProject
Project("{FAE04EC0-301F-11D3-BF4B-00C04F79EFBC}") = "E-Commerce.Web", "PresentationLayer\E-Commerce.Web\E-Commerce.Web.csproj", "{976C394C-2D7B-107D-0E8F-4C5AA6A2492E}"
EndProject
Global
	GlobalSection(SolutionConfigurationPlatforms) = preSolution
		Debug|Any CPU = Debug|Any CPU
		Release|Any CPU = Release|Any CPU
	EndGlobalSection
	GlobalSection(ProjectConfigurationPlatforms) = postSolution
		{DFDE8F16-7883-CFCF-DA4A-8602978BA5E3}.Debug|Any CPU.ActiveCfg = Debug|Any CPU
		{DFDE8F16-7883-CFCF-DA4A-8602978BA5E3}.Debug|Any CPU.Build.0 = Debug|Any CPU
		{DFDE8F16-7883-CFCF-DA4A-8602978BA5E3}.Release|Any CPU.ActiveCfg = Release|Any CPU
		{DFDE8F16-7883-CFCF-DA4A-8602978BA5E3}.Release|Any CPU.Build.0 = Release|Any CPU
		{DBFCCD32-D169-4FC7-DC1D-96C9D505BDAD}.Debug|Any CPU.ActiveCfg = Debug|Any CPU
		{DBFCCD32-D169-4FC7-DC1D-96C9D505BDAD}.Debug|Any CPU.Build.0 = Debug|Any CPU
		{DBFCCD32-D169-4FC7-DC1D-96C9D505BDAD}.Release|Any CPU.ActiveCfg = Release|Any CPU
		{DBFCCD32-D169-4FC7-DC1D-96C9D505BDAD}.Release|Any CPU.Build.0 = Release|Any CPU
		{A150A25D-AEDC-94B8-2ACD-34F6909EBE00}.Debug|Any CPU.ActiveCfg = Debug|Any CPU
		{A150A25D-AEDC-94B8-2ACD-34F6909EBE00}.Debug|Any CPU.Build.0 = Debug|Any CPU
		{A150A25D-AEDC-94B8-2ACD-34F6909EBE00}.Release|Any CPU.ActiveCfg = Release|Any CPU
		{A150A25D-AEDC-94B8-2ACD-34F6909EBE00}.Release|Any CPU.Build.0 = Release|Any CPU
		{CA6DA386-14FB-C7F0-72C0-CA86E2063F5F}.Debug|Any CPU.ActiveCfg = Debug|Any CPU
		{CA6DA386-14FB-C7F0-72C0-CA86E2063F5F}.Debug|Any CPU.Build.0 = Debug|Any CPU
		{CA6DA386-14FB-C7F0-72C0-CA86E2063F5F}.Release|Any CPU.ActiveCfg = Release|Any CPU
		{CA6DA386-14FB-C7F0-72C0-CA86E2063F5F}.Release|Any CPU.Build.0 = Release|Any CPU
		{D9CBEBC4-0B19-82DF-186D-288DD4A2C7F5}.Debug|Any CPU.ActiveCfg = Debug|Any CPU
		{D9CBEBC4-0B19-82DF-186D-288DD4A2C7F5}.Debug|Any CPU.Build.0 = Debug|Any CPU
		{D9CBEBC4-0B19-82DF-186D-288DD4A2C7F5}.Release|Any CPU.ActiveCfg = Release|Any CPU
		{D9CBEBC4-0B19-82DF-186D-288DD4A2C7F5}.Release|Any CPU.Build.0 = Release|Any CPU
		{22A67877-B393-E4F6-D1E5-35BEB58B13D5}.Debug|Any CPU.ActiveCfg = Debug|Any CPU
		{22A67877-B393-E4F6-D1E5-35BEB58B13D5}.Debug|Any CPU.Build.0 = Debug|Any CPU
		{22A67877-B393-E4F6-D1E5-35BEB58B13D5}.Release|Any CPU.ActiveCfg = Release|Any CPU
		{22A67877-B393-E4F6-D1E5-35BEB58B13D5}.Release|Any CPU.Build.0 = Release|Any CPU
		{976C394C-2D7B-107D-0E8F-4C5AA6A2492E}.Debug|Any CPU.ActiveCfg = Debug|Any CPU
		{976C394C-2D7B-107D-0E8F-4C5AA6A2492E}.Debug|Any CPU.Build.0 = Debug|Any CPU
		{976C394C-2D7B-107D-0E8F-4C5AA6A2492E}.Release|Any CPU.ActiveCfg = Release|Any CPU
		{976C394C-2D7B-107D-0E8F-4C5AA6A2492E}.Release|Any CPU.Build.0 = Release|Any CPU
	EndGlobalSection
	GlobalSection(SolutionProperties) = preSolution
		HideSolutionNode = FALSE
	EndGlobalSection
	GlobalSection(NestedProjects) = preSolution
		{DBFCCD32-D169-4FC7-DC1D-96C9D505BDAD} = {54D7216A-D44F-4E00-8DFB-E61D75E8CC84}
		{A150A25D-AEDC-94B8-2ACD-34F6909EBE00} = {54D7216A-D44F-4E00-8DFB-E61D75E8CC84}
		{CA6DA386-14FB-C7F0-72C0-CA86E2063F5F} = {54D7216A-D44F-4E00-8DFB-E61D75E8CC84}
		{D9CBEBC4-0B19-82DF-186D-288DD4A2C7F5} = {2D289E15-1D01-4D2E-8713-3B5D035CD3DE}
		{22A67877-B393-E4F6-D1E5-35BEB58B13D5} = {02EA681E-C7D8-13C7-8484-4AC65E1B71E8}
		{976C394C-2D7B-107D-0E8F-4C5AA6A2492E} = {02EA681E-C7D8-13C7-8484-4AC65E1B71E8}
	EndGlobalSection
	GlobalSection(ExtensibilityGlobals) = postSolution
		SolutionGuid = {BE7396B1-B976-4761-8D30-2CC427F622F4}
	EndGlobalSection
EndGlobal
